
Microsoft Visual Studio Solution File, Format Version 12.00
# Visual Studio 2013
VisualStudioVersion = 12.0.30501.0
MinimumVisualStudioVersion = 10.0.40219.1
Project("{FAE04EC0-301F-11D3-BF4B-00C04F79EFBC}") = "Stool_Telerik", "Stool_Telerik\Stool_Telerik.csproj", "{F4E34060-EB07-4A55-8705-2D1584AC5561}"
EndProject
Global
	GlobalSection(TeamFoundationVersionControl) = preSolution
		SccNumberOfProjects = 2
		SccEnterpriseProvider = {4CA58AB2-18FA-4F8D-95D4-32DDF27D184C}
		SccTeamFoundationServer = https://tonicodes.visualstudio.com/defaultcollection
		SccLocalPath0 = .
		SccProjectUniqueName1 = Stool_Telerik\\Stool_Telerik.csproj
		SccProjectName1 = Stool_Telerik
		SccLocalPath1 = Stool_Telerik
	EndGlobalSection
	GlobalSection(SolutionConfigurationPlatforms) = preSolution
		Debug|Any CPU = Debug|Any CPU
		Debug|ARM = Debug|ARM
		Debug|x86 = Debug|x86
		Release|Any CPU = Release|Any CPU
		Release|ARM = Release|ARM
		Release|x86 = Release|x86
	EndGlobalSection
	GlobalSection(ProjectConfigurationPlatforms) = postSolution
		{F4E34060-EB07-4A55-8705-2D1584AC5561}.Debug|Any CPU.ActiveCfg = Debug|Any CPU
		{F4E34060-EB07-4A55-8705-2D1584AC5561}.Debug|Any CPU.Build.0 = Debug|Any CPU
		{F4E34060-EB07-4A55-8705-2D1584AC5561}.Debug|Any CPU.Deploy.0 = Debug|Any CPU
		{F4E34060-EB07-4A55-8705-2D1584AC5561}.Debug|ARM.ActiveCfg = Debug|ARM
		{F4E34060-EB07-4A55-8705-2D1584AC5561}.Debug|ARM.Build.0 = Debug|ARM
		{F4E34060-EB07-4A55-8705-2D1584AC5561}.Debug|ARM.Deploy.0 = Debug|ARM
		{F4E34060-EB07-4A55-8705-2D1584AC5561}.Debug|x86.ActiveCfg = Debug|x86
		{F4E34060-EB07-4A55-8705-2D1584AC5561}.Debug|x86.Build.0 = Debug|x86
		{F4E34060-EB07-4A55-8705-2D1584AC5561}.Debug|x86.Deploy.0 = Debug|x86
		{F4E34060-EB07-4A55-8705-2D1584AC5561}.Release|Any CPU.ActiveCfg = Release|Any CPU
		{F4E34060-EB07-4A55-8705-2D1584AC5561}.Release|Any CPU.Build.0 = Release|Any CPU
		{F4E34060-EB07-4A55-8705-2D1584AC5561}.Release|Any CPU.Deploy.0 = Release|Any CPU
		{F4E34060-EB07-4A55-8705-2D1584AC5561}.Release|ARM.ActiveCfg = Release|ARM
		{F4E34060-EB07-4A55-8705-2D1584AC5561}.Release|ARM.Build.0 = Release|ARM
		{F4E34060-EB07-4A55-8705-2D1584AC5561}.Release|ARM.Deploy.0 = Release|ARM
		{F4E34060-EB07-4A55-8705-2D1584AC5561}.Release|x86.ActiveCfg = Release|x86
		{F4E34060-EB07-4A55-8705-2D1584AC5561}.Release|x86.Build.0 = Release|x86
		{F4E34060-EB07-4A55-8705-2D1584AC5561}.Release|x86.Deploy.0 = Release|x86
	EndGlobalSection
	GlobalSection(SolutionProperties) = preSolution
		HideSolutionNode = FALSE
	EndGlobalSection
EndGlobal
